{
    "_meta": {
        "hash": {
            "sha256": "bbf4afe995824e2e90f2857cb2f9ddc2cfa89b75e16efbc425ec18b8af2fb2af"
        },
        "pipfile-spec": 6,
        "requires": {
            "python_version": "3.8"
        },
        "sources": [
            {
                "name": "pypi",
                "url": "https://pypi.org/simple",
                "verify_ssl": true
            }
        ]
    },
    "default": {
        "falcon": {
            "hashes": [
                "sha256:0044bd2c161f2b5c27ca5a0068e40bbeee560eb957a6ba01f9c1bb7439f6ab19",
                "sha256:09dc5f10878565708dc9e58e62e9f2dfee5162a1ea992cb62582ffdacf543ec2",
                "sha256:19b240b748a7d9096cacdc508b824f1765937369107ff4e79b23618e0632818b",
                "sha256:2ffbd6eef0283b1909895d3d3b36b1714a37bb1a6e9ecf6c5af60e0adbb322bd",
                "sha256:3cbb9b008c9e9f8b07e14b848791be4db31c359ef96f045332bbec7572250f71",
                "sha256:455a6c1a46af8505b0427a1ab85924aed47c462afe4e7cb7ae58c9fd6c5cc06f",
                "sha256:61686aed654fd492ceab674421a6a1d31599599d86ce710c6c650749f72522e0",
                "sha256:783dcaee18a53c955636fc7fad5dd710899b2100b5f798af31e23961315c9bb5",
                "sha256:7fe77af775a2aba4019f01f54364abd1a5df2c820988ddf076416b1a7683c1b8",
                "sha256:84b7e09b2c66a1942a8bc049d8f236bdb4f74d2314ad7551534a8d79ddd6a54d",
                "sha256:8b6a675685790a3d9e3c849320b3aea94d30f228b0f15d55fc32d6f9f6925c0f",
                "sha256:8d01a173610d216880f0e722abbe1cca51d5041f9e15db61bd79e95242dd617d",
                "sha256:91dcb3adccb9d0faacfc3937af624ca14541aec37a7478d333710a91e8e438d4",
                "sha256:9400871fa536bac799b790ff28d999c5282c2bd7652f37f448b96718ddb289ff",
                "sha256:94ce8ee49795ab18442c761c903353737ab271a506e992deadc5a7df669e804f",
                "sha256:aa2cf2aa3c0a3323d7a392af1edee1436fbe71c2b3d37699f32b6f45cfad8f75",
                "sha256:aee71134800f963db0b4bc086d9bf0ffc529b40e90e6a5f2cd08059d7c9ea317",
                "sha256:ba5b27a401db6c025bb6885512b5cc46603d6a020e289902199b0c77c80777e6",
                "sha256:bc720201105e24271c04e35a3a02aa1f7e9d92f1ddd82a846696b8ae7de89468",
                "sha256:c2ef45e5d71de2417dbb36be0ed0fadb08d87fb059e8c3f86223f5240cacf547",
                "sha256:c46739d4cdbcfe179e720cb34ef7dc135d4ff7c70320c56a5dfdcb87abb1ed45",
                "sha256:c60de4a62fedaa9011a025a70a665a408c8e6c16cdc2e3baea05c23e7c7df202",
                "sha256:c78d13ba42c50d716177f442a590c8946f4fe7c4ba07838679417339a9a80920",
                "sha256:cac70a3e021e34453eeff968673e4081ac2a878b99fd9fb1260584cdf67e7890",
                "sha256:ccd588f943e755f4ab91261bbf80d0b25a5f43c3f6bda2ed8eae0f2e4fd3c3dd",
                "sha256:d31407f1b327b9d97166523bdecbec8be65a08d52f5dfb1a532f354118cc2a9e",
                "sha256:d714f631dae76e05cf91b0a7d509b8bf8bb86f371b3510a6fbf696469fcc2577",
                "sha256:eea1340aa264f5f0fd9023fb7b6cd41da1305af14e3e2c9d716446ad38ea2690",
                "sha256:f20ab24083d499841f7187d2baa82c6f9baa90dbc1d322cc7fb83ef51d681f80",
                "sha256:f2760bd18c16393a6fb5e55f371f67921edb72febe693a82b3c5e82195d087b7",
                "sha256:ff65ffefa629bc72dc868cdca9dfa3ca5d1e5f01b02560b7094df2a0c5b890d1"
            ],
            "index": "pypi",
            "version": "==3.1.0"
        },
        "gunicorn": {
            "hashes": [
                "sha256:9dcc4547dbb1cb284accfb15ab5667a0e5d1881cc443e0677b4882a4067a807e",
                "sha256:e0a968b5ba15f8a328fdfd7ab1fcb5af4470c28aaf7e55df02a99bc13138e6e8"
            ],
            "index": "pypi",
            "version": "==20.1.0"
        },
        "peewee": {
            "hashes": [
                "sha256:48eac70be812ac84daa5400fb8e7b545e0c83adcfa05c8e2a8612f9ced4da495"
            ],
            "index": "pypi",
            "version": "==3.15.0"
        },
        "r2d2": {
            "hashes": [
                "sha256:7ffd8aa6316cdd8609ed9c00e60996d38aff404ee08d27d83d3072689cd893aa",
                "sha256:b6fada659e813ae8cf7ac412a8ef8bc8c1c33bbe7f107073904cce92dd2b48a8"
            ],
            "index": "pypi",
            "version": "==3.0.0"
        },
        "r2dto": {
            "hashes": [
                "sha256:47e4c3fcbae1e186355fb7e33d59ca9b7981259fc0860563052abe9bb083873d"
            ],
            "index": "pypi",
            "version": "==0.0.7"
        },
        "setuptools": {
            "hashes": [
                "sha256:16923d366ced322712c71ccb97164d07472abeecd13f3a6c283f6d5d26722793",
                "sha256:db3b8e2f922b2a910a29804776c643ea609badb6a32c4bcc226fd4fd902cce65"
            ],
            "markers": "python_version >= '3.7'",
            "version": "==63.1.0"
        }
    },
    "develop": {}
}
